{
    "_readme": [
        "This file locks the dependencies of your project to a known state",
        "Read more about it at https://getcomposer.org/doc/01-basic-usage.md#composer-lock-the-lock-file",
        "This file is @generated automatically"
    ],
    "content-hash": "450cbd1620d2943a23e4eec8d6f95ddc",
    "packages": [
        {
            "name": "beberlei/assert",
            "version": "v1.6",
            "source": {
                "type": "git",
                "url": "https://github.com/beberlei/assert.git",
                "reference": "6c0069d271323e441c47d2ff26cb18cf3b7cc695"
            },
            "dist": {
                "type": "zip",
                "url": "https://api.github.com/repos/beberlei/assert/zipball/6c0069d271323e441c47d2ff26cb18cf3b7cc695",
                "reference": "6c0069d271323e441c47d2ff26cb18cf3b7cc695",
                "shasum": ""
            },
            "require": {
                "ext-mbstring": "*"
            },
            "type": "library",
            "autoload": {
                "psr-0": {
                    "Assert": "lib/"
                }
            },
            "notification-url": "https://packagist.org/downloads/",
            "license": [
                "BSD-2-Clause"
            ],
            "authors": [
                {
                    "name": "Benjamin Eberlei",
                    "email": "kontakt@beberlei.de"
                }
            ],
            "description": "Thin assertion library for input validation in business models.",
            "keywords": [
                "assert",
                "assertion",
                "validation"
            ],
            "time": "2013-11-05T12:28:46+00:00"
        },
        {
            "name": "doctrine/collections",
            "version": "v1.3.0",
            "source": {
                "type": "git",
                "url": "https://github.com/doctrine/collections.git",
                "reference": "6c1e4eef75f310ea1b3e30945e9f06e652128b8a"
            },
            "dist": {
                "type": "zip",
                "url": "https://api.github.com/repos/doctrine/collections/zipball/6c1e4eef75f310ea1b3e30945e9f06e652128b8a",
                "reference": "6c1e4eef75f310ea1b3e30945e9f06e652128b8a",
                "shasum": ""
            },
            "require": {
                "php": ">=5.3.2"
            },
            "require-dev": {
                "phpunit/phpunit": "~4.0"
            },
            "type": "library",
            "extra": {
                "branch-alias": {
                    "dev-master": "1.2.x-dev"
                }
            },
            "autoload": {
                "psr-0": {
                    "Doctrine\\Common\\Collections\\": "lib/"
                }
            },
            "notification-url": "https://packagist.org/downloads/",
            "license": [
                "MIT"
            ],
            "authors": [
                {
                    "name": "Roman Borschel",
                    "email": "roman@code-factory.org"
                },
                {
                    "name": "Benjamin Eberlei",
                    "email": "kontakt@beberlei.de"
                },
                {
                    "name": "Guilherme Blanco",
                    "email": "guilhermeblanco@gmail.com"
                },
                {
                    "name": "Jonathan Wage",
                    "email": "jonwage@gmail.com"
                },
                {
                    "name": "Johannes Schmitt",
                    "email": "schmittjoh@gmail.com"
                }
            ],
            "description": "Collections Abstraction library",
            "homepage": "http://www.doctrine-project.org",
            "keywords": [
                "array",
                "collections",
                "iterator"
            ],
            "time": "2015-04-14T22:21:58+00:00"
        },
        {
            "name": "guzzle/guzzle",
            "version": "v3.7.4",
            "source": {
                "type": "git",
                "url": "https://github.com/guzzle/guzzle.git",
                "reference": "b170b028c6bb5799640e46c8803015b0f9a45ed9"
            },
            "dist": {
                "type": "zip",
                "url": "https://api.github.com/repos/guzzle/guzzle/zipball/b170b028c6bb5799640e46c8803015b0f9a45ed9",
                "reference": "b170b028c6bb5799640e46c8803015b0f9a45ed9",
                "shasum": ""
            },
            "require": {
                "ext-curl": "*",
                "php": ">=5.3.3",
                "symfony/event-dispatcher": ">=2.1"
            },
            "replace": {
                "guzzle/batch": "self.version",
                "guzzle/cache": "self.version",
                "guzzle/common": "self.version",
                "guzzle/http": "self.version",
                "guzzle/inflection": "self.version",
                "guzzle/iterator": "self.version",
                "guzzle/log": "self.version",
                "guzzle/parser": "self.version",
                "guzzle/plugin": "self.version",
                "guzzle/plugin-async": "self.version",
                "guzzle/plugin-backoff": "self.version",
                "guzzle/plugin-cache": "self.version",
                "guzzle/plugin-cookie": "self.version",
                "guzzle/plugin-curlauth": "self.version",
                "guzzle/plugin-error-response": "self.version",
                "guzzle/plugin-history": "self.version",
                "guzzle/plugin-log": "self.version",
                "guzzle/plugin-md5": "self.version",
                "guzzle/plugin-mock": "self.version",
                "guzzle/plugin-oauth": "self.version",
                "guzzle/service": "self.version",
                "guzzle/stream": "self.version"
            },
            "require-dev": {
                "doctrine/cache": "*",
                "monolog/monolog": "1.*",
                "phpunit/phpunit": "3.7.*",
                "psr/log": "1.0.*",
                "symfony/class-loader": "*",
                "zendframework/zend-cache": "2.0.*",
                "zendframework/zend-log": "2.0.*"
            },
            "type": "library",
            "extra": {
                "branch-alias": {
                    "dev-master": "3.7-dev"
                }
            },
            "autoload": {
                "psr-0": {
                    "Guzzle\\Tests": "tests/",
                    "Guzzle": "src/"
                }
            },
            "notification-url": "https://packagist.org/downloads/",
            "license": [
                "MIT"
            ],
            "authors": [
                {
                    "name": "Michael Dowling",
                    "email": "mtdowling@gmail.com",
                    "homepage": "https://github.com/mtdowling"
                },
                {
                    "name": "Guzzle Community",
                    "homepage": "https://github.com/guzzle/guzzle/contributors"
                }
            ],
            "description": "Guzzle is a PHP HTTP client library and framework for building RESTful web service clients",
            "homepage": "http://guzzlephp.org/",
            "keywords": [
                "client",
                "curl",
                "framework",
                "http",
                "http client",
                "rest",
                "web service"
            ],
            "abandoned": "guzzlehttp/guzzle",
            "time": "2013-10-02T20:47:00+00:00"
        },
        {
            "name": "seld/jsonlint",
            "version": "1.1.2",
            "source": {
                "type": "git",
                "url": "https://github.com/Seldaek/jsonlint.git",
                "reference": "7cd4c4965e17e6e4c07f26d566619a4c76f8c672"
            },
            "dist": {
                "type": "zip",
                "url": "https://api.github.com/repos/Seldaek/jsonlint/zipball/7cd4c4965e17e6e4c07f26d566619a4c76f8c672",
                "reference": "7cd4c4965e17e6e4c07f26d566619a4c76f8c672",
                "shasum": ""
            },
            "require": {
                "php": ">=5.3.0"
            },
            "bin": [
                "bin/jsonlint"
            ],
            "type": "library",
            "autoload": {
                "psr-0": {
                    "Seld\\JsonLint": "src/"
                }
            },
            "notification-url": "https://packagist.org/downloads/",
            "license": [
                "MIT"
            ],
            "authors": [
                {
                    "name": "Jordi Boggiano",
                    "email": "j.boggiano@seld.be",
                    "homepage": "http://seld.be",
                    "role": "Developer"
                }
            ],
            "description": "JSON Linter",
            "keywords": [
                "json",
                "linter",
                "parser",
                "validator"
            ],
            "time": "2013-11-04T15:41:11+00:00"
        },
        {
            "name": "symfony/event-dispatcher",
            "version": "3.4.x-dev",
            "source": {
                "type": "git",
                "url": "https://github.com/symfony/event-dispatcher.git",
                "reference": "db08b1b2f9adb5d59a5e838d1577e73c418e05ed"
            },
            "dist": {
                "type": "zip",
                "url": "https://api.github.com/repos/symfony/event-dispatcher/zipball/db08b1b2f9adb5d59a5e838d1577e73c418e05ed",
                "reference": "db08b1b2f9adb5d59a5e838d1577e73c418e05ed",
                "shasum": ""
            },
            "require": {
                "php": ">=5.5.9"
            },
            "conflict": {
                "symfony/dependency-injection": "<3.3"
            },
            "require-dev": {
                "psr/log": "~1.0",
                "symfony/config": "~2.8|~3.0|~4.0",
                "symfony/dependency-injection": "~3.3|~4.0",
                "symfony/expression-language": "~2.8|~3.0|~4.0",
                "symfony/stopwatch": "~2.8|~3.0|~4.0"
            },
            "suggest": {
                "symfony/dependency-injection": "",
                "symfony/http-kernel": ""
            },
            "type": "library",
            "extra": {
                "branch-alias": {
                    "dev-master": "3.4-dev"
                }
            },
            "autoload": {
                "psr-4": {
                    "Symfony\\Component\\EventDispatcher\\": ""
                },
                "exclude-from-classmap": [
                    "/Tests/"
                ]
            },
            "notification-url": "https://packagist.org/downloads/",
            "license": [
                "MIT"
            ],
            "authors": [
                {
                    "name": "Fabien Potencier",
                    "email": "fabien@symfony.com"
                },
                {
                    "name": "Symfony Community",
                    "homepage": "https://symfony.com/contributors"
                }
            ],
            "description": "Symfony EventDispatcher Component",
            "homepage": "https://symfony.com",
            "time": "2017-06-12T16:03:21+00:00"
        },
        {
            "name": "symfony/process",
            "version": "2.5.x-dev",
            "target-dir": "Symfony/Component/Process",
            "source": {
                "type": "git",
                "url": "https://github.com/symfony/process.git",
                "reference": "00a1308e8b5aec5eba7c8f1708426a78f929be8c"
            },
            "dist": {
                "type": "zip",
                "url": "https://api.github.com/repos/symfony/process/zipball/00a1308e8b5aec5eba7c8f1708426a78f929be8c",
                "reference": "00a1308e8b5aec5eba7c8f1708426a78f929be8c",
                "shasum": ""
            },
            "require": {
                "php": ">=5.3.3"
            },
            "type": "library",
            "extra": {
                "branch-alias": {
                    "dev-master": "2.5-dev"
                }
            },
            "autoload": {
                "psr-0": {
                    "Symfony\\Component\\Process\\": ""
                }
            },
            "notification-url": "https://packagist.org/downloads/",
            "license": [
                "MIT"
            ],
            "authors": [
                {
                    "name": "Symfony Community",
                    "homepage": "http://symfony.com/contributors"
                },
                {
                    "name": "Fabien Potencier",
                    "email": "fabien@symfony.com"
                }
            ],
            "description": "Symfony Process Component",
            "homepage": "http://symfony.com",
            "time": "2015-02-08T07:07:45+00:00"
        },
        {
            "name": "webforge/collections",
            "version": "dev-master",
            "source": {
                "type": "git",
                "url": "https://github.com/webforge-labs/webforge-collections.git",
                "reference": "46f1182105ad42edbc25ba747d16d7dea499015b"
            },
            "dist": {
                "type": "zip",
                "url": "https://api.github.com/repos/webforge-labs/webforge-collections/zipball/46f1182105ad42edbc25ba747d16d7dea499015b",
                "reference": "46f1182105ad42edbc25ba747d16d7dea499015b",
                "shasum": ""
            },
            "require": {
                "doctrine/collections": ">=1.2.0,<1.4.0"
            },
            "require-dev": {
                "liip/rmt": "0.9.*",
                "satooshi/php-coveralls": "dev-master",
                "webforge/testplate": ">=1.2"
            },
            "type": "library",
            "extra": {
                "branch-alias": {
                    "dev-master": "1.0.x-dev"
                }
            },
            "autoload": {
                "psr-0": {
                    "Webforge\\Collections": [
                        "lib/",
                        "tests/"
                    ]
                }
            },
            "notification-url": "https://packagist.org/downloads/",
            "license": [
                "MIT"
            ],
            "authors": [
                {
                    "name": "Philipp Scheit",
                    "email": "p.scheit@ps-webforge.com"
                }
            ],
            "description": "Collection extensions based on Doctrine\\Common\\Collections",
            "time": "2015-10-11T15:59:54+00:00"
        },
        {
            "name": "webforge/common",
            "version": "dev-master",
            "source": {
                "type": "git",
                "url": "https://github.com/webforge-labs/webforge-common.git",
                "reference": "b42e5ec4efdb3fa12c6ef66e5569ccd7e5eb6b5d"
            },
            "dist": {
                "type": "zip",
                "url": "https://api.github.com/repos/webforge-labs/webforge-common/zipball/b42e5ec4efdb3fa12c6ef66e5569ccd7e5eb6b5d",
                "reference": "b42e5ec4efdb3fa12c6ef66e5569ccd7e5eb6b5d",
                "shasum": ""
            },
            "require": {
                "ext-mbstring": "*",
                "php": ">=5.3.2",
                "seld/jsonlint": "1.1.*@stable",
                "webforge/collections": "1.0.*@stable",
                "webforge/process": "1.2.*@dev",
                "webforge/utils": "1.0.*@dev"
            },
            "require-dev": {
                "liip/rmt": "0.9.*",
                "mikey179/vfsstream": "1.2.*@stable",
                "mockery/mockery": "@stable",
                "satooshi/php-coveralls": "dev-master"
            },
            "type": "library",
            "extra": {
                "branch-alias": {
                    "dev-master": "1.8.x-dev"
                }
            },
            "autoload": {
                "psr-0": {
                    "Webforge\\Common": [
                        "lib/",
                        "tests/"
                    ]
                }
            },
            "notification-url": "https://packagist.org/downloads/",
            "license": [
                "MIT"
            ],
            "authors": [
                {
                    "name": "Philipp Scheit",
                    "email": "p.scheit@ps-webforge.com"
                }
            ],
            "description": "Boilerplate for Webforge and Psc - CMS",
            "homepage": "http://github.com/pscheit/webforge-common",
            "keywords": [
                "framework"
            ],
            "time": "2015-07-21T06:22:10+00:00"
        },
        {
            "name": "webforge/process",
            "version": "dev-master",
            "source": {
                "type": "git",
                "url": "https://github.com/webforge-labs/webforge-process.git",
                "reference": "f65ffee6fbfaad413439af76082ca6fda0038be9"
            },
            "dist": {
                "type": "zip",
                "url": "https://api.github.com/repos/webforge-labs/webforge-process/zipball/f65ffee6fbfaad413439af76082ca6fda0038be9",
                "reference": "f65ffee6fbfaad413439af76082ca6fda0038be9",
                "shasum": ""
            },
            "require": {
                "symfony/process": "2.5.*",
                "webforge/common": ">=1.8"
            },
            "require-dev": {
                "mockery/mockery": "dev-master",
                "satooshi/php-coveralls": "dev-master",
                "symfony/console": "2.4.*@stable",
                "symfony/finder": "2.4.*@stable",
                "webforge/testplate": ">=1.3"
            },
            "type": "library",
            "extra": {
                "branch-alias": {
                    "dev-master": "1.2.x-dev"
                }
            },
            "autoload": {
                "psr-0": {
                    "Webforge\\Process": [
                        "lib/",
                        "tests/"
                    ]
                }
            },
            "notification-url": "https://packagist.org/downloads/",
            "license": [
                "MIT"
            ],
            "authors": [
                {
                    "name": "Philipp Scheit",
                    "email": "p.scheit@ps-webforge.com"
                }
            ],
            "time": "2014-05-05T14:48:41+00:00"
        },
        {
            "name": "webforge/utils",
            "version": "1.0.0",
            "source": {
                "type": "git",
                "url": "https://github.com/webforge-labs/webforge-utils.git",
                "reference": "140d36d9556f3cb244ee3769cce589eb7eeca941"
            },
            "dist": {
                "type": "zip",
                "url": "https://api.github.com/repos/webforge-labs/webforge-utils/zipball/140d36d9556f3cb244ee3769cce589eb7eeca941",
                "reference": "140d36d9556f3cb244ee3769cce589eb7eeca941",
                "shasum": ""
            },
            "require": {
                "ext-mbstring": "*",
                "php": ">=5.3.2"
            },
            "require-dev": {
                "mikey179/vfsstream": "1.2.*@stable",
                "mockery/mockery": "@stable",
                "satooshi/php-coveralls": "dev-master",
                "webforge/collections": "^1.0@dev"
            },
            "type": "library",
            "extra": {
                "branch-alias": {
                    "dev-master": "1.0.x-dev"
                }
            },
            "autoload": {
                "psr-0": {
                    "Webforge\\Common": [
                        "src/php/",
                        "tests/php/"
                    ]
                }
            },
            "notification-url": "https://packagist.org/downloads/",
            "license": [
                "MIT"
            ],
            "authors": [
                {
                    "name": "Philipp Scheit",
                    "email": "p.scheit@ps-webforge.com"
                }
            ],
            "description": "A basic lib for file system and utils",
            "homepage": "http://github.com/webforge-labs/webforge-utils",
            "keywords": [
                "framework",
                "system",
                "util"
            ],
            "time": "2015-07-20T16:44:33+00:00"
        }
    ],
    "packages-dev": [
        {
            "name": "symfony/css-selector",
            "version": "2.8.x-dev",
            "source": {
                "type": "git",
                "url": "https://github.com/symfony/css-selector.git",
                "reference": "ba3204654efa779691fac9e948a96b4a7067e4ab"
            },
            "dist": {
                "type": "zip",
                "url": "https://api.github.com/repos/symfony/css-selector/zipball/ba3204654efa779691fac9e948a96b4a7067e4ab",
                "reference": "ba3204654efa779691fac9e948a96b4a7067e4ab",
                "shasum": ""
            },
            "require": {
                "php": ">=5.3.9"
            },
            "type": "library",
            "extra": {
                "branch-alias": {
                    "dev-master": "2.8-dev"
                }
            },
            "autoload": {
                "psr-4": {
                    "Symfony\\Component\\CssSelector\\": ""
                },
                "exclude-from-classmap": [
                    "/Tests/"
                ]
            },
            "notification-url": "https://packagist.org/downloads/",
            "license": [
                "MIT"
            ],
            "authors": [
                {
                    "name": "Jean-François Simon",
                    "email": "jeanfrancois.simon@sensiolabs.com"
                },
                {
                    "name": "Fabien Potencier",
                    "email": "fabien@symfony.com"
                },
                {
                    "name": "Symfony Community",
                    "homepage": "https://symfony.com/contributors"
                }
            ],
            "description": "Symfony CssSelector Component",
            "homepage": "https://symfony.com",
            "time": "2017-05-01T14:31:55+00:00"
        },
        {
            "name": "webforge/dom",
            "version": "dev-master",
            "source": {
                "type": "git",
                "url": "https://github.com/webforge-labs/webforge-dom.git",
                "reference": "79bc03e8cb1a483e122e700d15bbb9ac607dd39b"
            },
            "dist": {
                "type": "zip",
                "url": "https://api.github.com/repos/webforge-labs/webforge-dom/zipball/79bc03e8cb1a483e122e700d15bbb9ac607dd39b",
                "reference": "79bc03e8cb1a483e122e700d15bbb9ac607dd39b",
                "shasum": ""
            },
            "require": {
                "symfony/css-selector": ">=2.4 <3.0",
                "webforge/collections": ">=1"
            },
            "require-dev": {
                "webforge/testplate": ">=1"
            },
            "type": "library",
            "extra": {
                "branch-alias": {
                    "dev-master": "1.0.x-dev"
                }
            },
            "autoload": {
                "psr-0": {
                    "Webforge\\DOM": [
                        "lib/",
                        "tests/"
                    ]
                }
            },
            "notification-url": "https://packagist.org/downloads/",
            "license": [
                "MIT"
            ],
            "authors": [
                {
                    "name": "Philipp Scheit",
                    "email": "p.scheit@ps-webforge.com"
                }
            ],
            "description": "A very very very very very simple aproach to build an api like jquery for html (testing) in php",
            "time": "2015-03-13T10:40:29+00:00"
        },
        {
            "name": "webforge/testplate",
            "version": "dev-master",
            "source": {
                "type": "git",
                "url": "https://github.com/webforge-labs/webforge-testplate.git",
                "reference": "0052870494ce895979bcb564b7d91a322fbf95c3"
            },
            "dist": {
                "type": "zip",
                "url": "https://api.github.com/repos/webforge-labs/webforge-testplate/zipball/0052870494ce895979bcb564b7d91a322fbf95c3",
                "reference": "0052870494ce895979bcb564b7d91a322fbf95c3",
                "shasum": ""
            },
            "require": {
                "webforge/common": "*"
            },
            "require-dev": {
                "liip/rmt": "0.9.*",
                "pscheit/psc-cms": "dev-master",
                "webforge/dom": "*",
                "webforge/translation": "dev-master"
            },
            "suggest": {
                "guzzle/guzzle": "Needed for the GuzzleTester",
                "mockery/mockery": "Better replacement for PHPUnits mock library",
                "webforge/dom": "If you want to use the css() tests in your unit tests for html"
            },
            "type": "library",
            "extra": {
                "branch-alias": {
                    "dev-master": "1.5.x-dev"
                }
            },
            "autoload": {
                "psr-0": {
                    "Webforge\\Code\\Test": [
                        "lib/",
                        "tests/"
                    ],
                    "Webforge\\Testplate": [
                        "lib/",
                        "tests/"
                    ]
                }
            },
            "notification-url": "https://packagist.org/downloads/",
            "license": [
                "MIT"
            ],
            "authors": [
                {
                    "name": "Philipp Scheit",
                    "email": "p.scheit@ps-webforge.com"
                }
            ],
            "description": "Testplate for webforge for base testcases",
            "time": "2014-08-04T08:03:39+00:00"
        }
    ],
    "aliases": [],
    "minimum-stability": "dev",
    "stability-flags": {
        "beberlei/assert": 0,
        "guzzle/guzzle": 0,
        "webforge/dom": 20
    },
    "prefer-stable": false,
    "prefer-lowest": false,
    "platform": [],
    "platform-dev": []
}
